
Microsoft Visual Studio Solution File, Format Version 12.00
# Visual Studio Version 16
VisualStudioVersion = 16.0.29806.167
MinimumVisualStudioVersion = 10.0.40219.1
Project("{FAE04EC0-301F-11D3-BF4B-00C04F79EFBC}") = "CG1", "CG1\CG1.csproj", "{CA84A6C4-D2A6-4C5C-AC98-0E20970343F5}"
EndProject
Project("{2150E333-8FDC-42A3-9474-1A3956D46DE8}") = "Solution Items", "Solution Items", "{3EE3665D-E489-4494-B158-65C1AB3A0B3C}"
	ProjectSection(SolutionItems) = preProject
		Filters.cs = Filters.cs
	EndProjectSection
EndProject
Global
	GlobalSection(SolutionConfigurationPlatforms) = preSolution
		Debug|Any CPU = Debug|Any CPU
		Release|Any CPU = Release|Any CPU
	EndGlobalSection
	GlobalSection(ProjectConfigurationPlatforms) = postSolution
		{CA84A6C4-D2A6-4C5C-AC98-0E20970343F5}.Debug|Any CPU.ActiveCfg = Debug|Any CPU
		{CA84A6C4-D2A6-4C5C-AC98-0E20970343F5}.Debug|Any CPU.Build.0 = Debug|Any CPU
		{CA84A6C4-D2A6-4C5C-AC98-0E20970343F5}.Release|Any CPU.ActiveCfg = Release|Any CPU
		{CA84A6C4-D2A6-4C5C-AC98-0E20970343F5}.Release|Any CPU.Build.0 = Release|Any CPU
	EndGlobalSection
	GlobalSection(SolutionProperties) = preSolution
		HideSolutionNode = FALSE
	EndGlobalSection
	GlobalSection(ExtensibilityGlobals) = postSolution
		SolutionGuid = {84220F17-9EC6-4062-869E-B560547F56FD}
	EndGlobalSection
EndGlobal
